{
  "pins" : [
    {
      "identity" : "signalhandler",
      "kind" : "remoteSourceControl",
      "location" : "https://github.com/Genaro-Chris/SignalHandler.git",
      "state" : {
        "branch" : "main",
        "revision" : "bb52b9c5df6eba21adb6d540a19a2da6e6fab2fa"
      }
    }
  ],
  "version" : 2
}
